
Microsoft Visual Studio Solution File, Format Version 12.00
# Visual Studio Version 16
VisualStudioVersion = 16.0.31112.23
MinimumVisualStudioVersion = 10.0.40219.1
Project("{9A19103F-16F7-4668-BE54-9A1E7A4F7556}") = "OrderProcessing", "Task4\OrderProcessing.csproj", "{A4B3DF72-0089-47C7-BF4C-79B4B240F606}"
EndProject
Global
	GlobalSection(SolutionConfigurationPlatforms) = preSolution
		Debug|Any CPU = Debug|Any CPU
		Release|Any CPU = Release|Any CPU
	EndGlobalSection
	GlobalSection(ProjectConfigurationPlatforms) = postSolution
		{A4B3DF72-0089-47C7-BF4C-79B4B240F606}.Debug|Any CPU.ActiveCfg = Debug|Any CPU
		{A4B3DF72-0089-47C7-BF4C-79B4B240F606}.Debug|Any CPU.Build.0 = Debug|Any CPU
		{A4B3DF72-0089-47C7-BF4C-79B4B240F606}.Release|Any CPU.ActiveCfg = Release|Any CPU
		{A4B3DF72-0089-47C7-BF4C-79B4B240F606}.Release|Any CPU.Build.0 = Release|Any CPU
	EndGlobalSection
	GlobalSection(SolutionProperties) = preSolution
		HideSolutionNode = FALSE
	EndGlobalSection
	GlobalSection(ExtensibilityGlobals) = postSolution
		SolutionGuid = {184675BA-5F8A-443A-961A-EA53D4E3E10A}
	EndGlobalSection
EndGlobal
